
Microsoft Visual Studio Solution File, Format Version 12.00
# Visual Studio 15
VisualStudioVersion = 15.0.27428.2002
MinimumVisualStudioVersion = 10.0.40219.1
Project("{FAE04EC0-301F-11D3-BF4B-00C04F79EFBC}") = "Palindrome", "Palindrome\Palindrome.csproj", "{9BAD8127-ED98-4BF5-8146-CFB6AC4244B3}"
EndProject
Project("{FAE04EC0-301F-11D3-BF4B-00C04F79EFBC}") = "ReverseInteger", "ReverseInteger\ReverseInteger.csproj", "{77643B68-5C50-4DF3-B715-61A9E04530ED}"
EndProject
Project("{FAE04EC0-301F-11D3-BF4B-00C04F79EFBC}") = "MedianTwoSortedArrays", "MedianTwoSortedArrays\MedianTwoSortedArrays.csproj", "{689EDD6A-E74D-4131-976E-F7BC10769AB1}"
EndProject
Project("{FAE04EC0-301F-11D3-BF4B-00C04F79EFBC}") = "UnitTests", "UnitTests\UnitTests.csproj", "{59A233F6-FDD3-4781-9C39-0587C90FBD09}"
EndProject
Global
	GlobalSection(SolutionConfigurationPlatforms) = preSolution
		Debug|Any CPU = Debug|Any CPU
		Release|Any CPU = Release|Any CPU
	EndGlobalSection
	GlobalSection(ProjectConfigurationPlatforms) = postSolution
		{9BAD8127-ED98-4BF5-8146-CFB6AC4244B3}.Debug|Any CPU.ActiveCfg = Debug|Any CPU
		{9BAD8127-ED98-4BF5-8146-CFB6AC4244B3}.Debug|Any CPU.Build.0 = Debug|Any CPU
		{9BAD8127-ED98-4BF5-8146-CFB6AC4244B3}.Release|Any CPU.ActiveCfg = Release|Any CPU
		{9BAD8127-ED98-4BF5-8146-CFB6AC4244B3}.Release|Any CPU.Build.0 = Release|Any CPU
		{77643B68-5C50-4DF3-B715-61A9E04530ED}.Debug|Any CPU.ActiveCfg = Debug|Any CPU
		{77643B68-5C50-4DF3-B715-61A9E04530ED}.Debug|Any CPU.Build.0 = Debug|Any CPU
		{77643B68-5C50-4DF3-B715-61A9E04530ED}.Release|Any CPU.ActiveCfg = Release|Any CPU
		{77643B68-5C50-4DF3-B715-61A9E04530ED}.Release|Any CPU.Build.0 = Release|Any CPU
		{689EDD6A-E74D-4131-976E-F7BC10769AB1}.Debug|Any CPU.ActiveCfg = Debug|Any CPU
		{689EDD6A-E74D-4131-976E-F7BC10769AB1}.Debug|Any CPU.Build.0 = Debug|Any CPU
		{689EDD6A-E74D-4131-976E-F7BC10769AB1}.Release|Any CPU.ActiveCfg = Release|Any CPU
		{689EDD6A-E74D-4131-976E-F7BC10769AB1}.Release|Any CPU.Build.0 = Release|Any CPU
		{59A233F6-FDD3-4781-9C39-0587C90FBD09}.Debug|Any CPU.ActiveCfg = Debug|Any CPU
		{59A233F6-FDD3-4781-9C39-0587C90FBD09}.Debug|Any CPU.Build.0 = Debug|Any CPU
		{59A233F6-FDD3-4781-9C39-0587C90FBD09}.Release|Any CPU.ActiveCfg = Release|Any CPU
		{59A233F6-FDD3-4781-9C39-0587C90FBD09}.Release|Any CPU.Build.0 = Release|Any CPU
	EndGlobalSection
	GlobalSection(SolutionProperties) = preSolution
		HideSolutionNode = FALSE
	EndGlobalSection
	GlobalSection(ExtensibilityGlobals) = postSolution
		SolutionGuid = {FB6759D1-6BBD-4A4C-831E-B9C153E99622}
	EndGlobalSection
EndGlobal
